// !$*UTF8*$!
{
	archiveVersion = 1;
	classes = {
	};
	objectVersion = 46;
	objects = {

/* Begin PBXBuildFile section */
		C87705641D19B6920010FC11 /* AppDelegate.swift in Sources */ = {isa = PBXBuildFile; fileRef = C87705631D19B6920010FC11 /* AppDelegate.swift */; };
		C87705661D19B6920010FC11 /* ViewController.swift in Sources */ = {isa = PBXBuildFile; fileRef = C87705651D19B6920010FC11 /* ViewController.swift */; };
		C87705691D19B6920010FC11 /* Main.storyboard in Resources */ = {isa = PBXBuildFile; fileRef = C87705671D19B6920010FC11 /* Main.storyboard */; };
		C877056B1D19B6920010FC11 /* Assets.xcassets in Resources */ = {isa = PBXBuildFile; fileRef = C877056A1D19B6920010FC11 /* Assets.xcassets */; };
		C877056E1D19B6920010FC11 /* LaunchScreen.storyboard in Resources */ = {isa = PBXBuildFile; fileRef = C877056C1D19B6920010FC11 /* LaunchScreen.storyboard */; };
/* End PBXBuildFile section */

/* Begin PBXFileReference section */
		C87705601D19B6920010FC11 /* Downloading Images From The Web.app */ = {isa = PBXFileReference; explicitFileType = wrapper.application; includeInIndex = 0; path = "Downloading Images From The Web.app"; sourceTree = BUILT_PRODUCTS_DIR; };
		C87705631D19B6920010FC11 /* AppDelegate.swift */ = {isa = PBXFileReference; lastKnownFileType = sourcecode.swift; path = AppDelegate.swift; sourceTree = "<group>"; };
		C87705651D19B6920010FC11 /* ViewController.swift */ = {isa = PBXFileReference; lastKnownFileType = sourcecode.swift; path = ViewController.swift; sourceTree = "<group>"; };
		C87705681D19B6920010FC11 /* Base */ = {isa = PBXFileReference; lastKnownFileType = file.storyboard; name = Base; path = Base.lproj/Main.storyboard; sourceTree = "<group>"; };
		C877056A1D19B6920010FC11 /* Assets.xcassets */ = {isa = PBXFileReference; lastKnownFileType = folder.assetcatalog; path = Assets.xcassets; sourceTree = "<group>"; };
		C877056D1D19B6920010FC11 /* Base */ = {isa = PBXFileReference; lastKnownFileType = file.storyboard; name = Base; path = Base.lproj/LaunchScreen.storyboard; sourceTree = "<group>"; };
		C877056F1D19B6920010FC11 /* Info.plist */ = {isa = PBXFileReference; lastKnownFileType = text.plist.xml; path = Info.plist; sourceTree = "<group>"; };
/* End PBXFileReference section */

/* Begin PBXFrameworksBuildPhase section */
		C877055D1D19B6920010FC11 /* Frameworks */ = {
			isa = PBXFrameworksBuildPhase;
			buildActionMask = 2147483647;
			files = (
			);
			runOnlyForDeploymentPostprocessing = 0;
		};
/* End PBXFrameworksBuildPhase section */

/* Begin PBXGroup section */
		C87705571D19B6910010FC11 = {
			isa = PBXGroup;
			children = (
				C87705621D19B6920010FC11 /* Downloading Images From The Web */,
				C87705611D19B6920010FC11 /* Products */,
			);
			sourceTree = "<group>";
		};
		C87705611D19B6920010FC11 /* Products */ = {
			isa = PBXGroup;
			children = (
				C87705601D19B6920010FC11 /* Downloading Images From The Web.app */,
			);
			name = Products;
			sourceTree = "<group>";
		};
		C87705621D19B6920010FC11 /* Downloading Images From The Web */ = {
			isa = PBXGroup;
			children = (
				C87705631D19B6920010FC11 /* AppDelegate.swift */,
				C87705651D19B6920010FC11 /* ViewController.swift */,
				C87705671D19B6920010FC11 /* Main.storyboard */,
				C877056A1D19B6920010FC11 /* Assets.xcassets */,
				C877056C1D19B6920010FC11 /* LaunchScreen.storyboard */,
				C877056F1D19B6920010FC11 /* Info.plist */,
			);
			path = "Downloading Images From The Web";
			sourceTree = "<group>";
		};
/* End PBXGroup section */

/* Begin PBXNativeTarget section */
		C877055F1D19B6920010FC11 /* Downloading Images From The Web */ = {
			isa = PBXNativeTarget;
			buildConfigurationList = C87705721D19B6920010FC11 /* Build configuration list for PBXNativeTarget "Downloading Images From The Web" */;
			buildPhases = (
				C877055C1D19B6920010FC11 /* Sources */,
				C877055D1D19B6920010FC11 /* Frameworks */,
				C877055E1D19B6920010FC11 /* Resources */,
			);
			buildRules = (
			);
			dependencies = (
			);
			name = "Downloading Images From The Web";
			productName = "Downloading Images From The Web";
			productReference = C87705601D19B6920010FC11 /* Downloading Images From The Web.app */;
			productType = "com.apple.product-type.application";
		};
/* End PBXNativeTarget section */

/* Begin PBXProject section */
		C87705581D19B6910010FC11 /* Project object */ = {
			isa = PBXProject;
			attributes = {
				LastSwiftUpdateCheck = 0800;
				LastUpgradeCheck = 0900;
				ORGANIZATIONNAME = Appfish;
				TargetAttributes = {
					C877055F1D19B6920010FC11 = {
						CreatedOnToolsVersion = 8.0;
						LastSwiftMigration = 0900;
						ProvisioningStyle = Automatic;
					};
				};
			};
			buildConfigurationList = C877055B1D19B6920010FC11 /* Build configuration list for PBXProject "Downloading Images From The Web" */;
			compatibilityVersion = "Xcode 3.2";
			developmentRegion = English;
			hasScannedForEncodings = 0;
			knownRegions = (
				en,
				Base,
			);
			mainGroup = C87705571D19B6910010FC11;
			productRefGroup = C87705611D19B6920010FC11 /* Products */;
			projectDirPath = "";
			projectRoot = "";
			targets = (
				C877055F1D19B6920010FC11 /* Downloading Images From The Web */,
			);
		};
/* End PBXProject section */

/* Begin PBXResourcesBuildPhase section */
		C877055E1D19B6920010FC11 /* Resources */ = {
			isa = PBXResourcesBuildPhase;
			buildActionMask = 2147483647;
			files = (
				C877056E1D19B6920010FC11 /* LaunchScreen.storyboard in Resources */,
				C877056B1D19B6920010FC11 /* Assets.xcassets in Resources */,
				C87705691D19B6920010FC11 /* Main.storyboard in Resources */,
			);
			runOnlyForDeploymentPostprocessing = 0;
		};
/* End PBXResourcesBuildPhase section */

/* Begin PBXSourcesBuildPhase section */
		C877055C1D19B6920010FC11 /* Sources */ = {
			isa = PBXSourcesBuildPhase;
			buildActionMask = 2147483647;
			files = (
				C87705661D19B6920010FC11 /* ViewController.swift in Sources */,
				C87705641D19B6920010FC11 /* AppDelegate.swift in Sources */,
			);
			runOnlyForDeploymentPostprocessing = 0;
		};
/* End PBXSourcesBuildPhase section */

/* Begin PBXVariantGroup section */
		C87705671D19B6920010FC11 /* Main.storyboard */ = {
			isa = PBXVariantGroup;
			children = (
				C87705681D19B6920010FC11 /* Base */,
			);
			name = Main.storyboard;
			sourceTree = "<group>";
		};
		C877056C1D19B6920010FC11 /* LaunchScreen.storyboard */ = {
			isa = PBXVariantGroup;
			children = (
				C877056D1D19B6920010FC11 /* Base */,
			);
			name = LaunchScreen.storyboard;
			sourceTree = "<group>";
		};
/* End PBXVariantGroup section */

/* Begin XCBuildConfiguration section */
		C87705701D19B6920010FC11 /* Debug */ = {
			isa = XCBuildConfiguration;
			buildSettings = {
				ALWAYS_SEARCH_USER_PATHS = NO;
				CLANG_ANALYZER_NONNULL = YES;
				CLANG_CXX_LANGUAGE_STANDARD = "gnu++0x";
				CLANG_CXX_LIBRARY = "libc++";
				CLANG_ENABLE_MODULES = YES;
				CLANG_ENABLE_OBJC_ARC = YES;
				CLANG_WARN_BLOCK_CAPTURE_AUTORELEASING = YES;
				CLANG_WARN_BOOL_CONVERSION = YES;
				CLANG_WARN_COMMA = YES;
				CLANG_WARN_CONSTANT_CONVERSION = YES;
				CLANG_WARN_DIRECT_OBJC_ISA_USAGE = YES_ERROR;
				CLANG_WARN_DOCUMENTATION_COMMENTS = YES;
				CLANG_WARN_EMPTY_BODY = YES;
				CLANG_WARN_ENUM_CONVERSION = YES;
				CLANG_WARN_INFINITE_RECURSION = YES;
				CLANG_WARN_INT_CONVERSION = YES;
				CLANG_WARN_NON_LITERAL_NULL_CONVERSION = YES;
				CLANG_WARN_OBJC_LITERAL_CONVERSION = YES;
				CLANG_WARN_OBJC_ROOT_CLASS = YES_ERROR;
				CLANG_WARN_RANGE_LOOP_ANALYSIS = YES;
				CLANG_WARN_STRICT_PROTOTYPES = YES;
				CLANG_WARN_SUSPICIOUS_MOVE = YES;
				CLANG_WARN_UNREACHABLE_CODE = YES;
				CLANG_WARN__DUPLICATE_METHOD_MATCH = YES;
				"CODE_SIGN_IDENTITY[sdk=iphoneos*]" = "iPhone Developer";
				COPY_PHASE_STRIP = NO;
				DEBUG_INFORMATION_FORMAT = dwarf;
				ENABLE_STRICT_OBJC_MSGSEND = YES;
				ENABLE_TESTABILITY = YES;
				GCC_C_LANGUAGE_STANDARD = gnu99;
				GCC_DYNAMIC_NO_PIC = NO;
				GCC_NO_COMMON_BLOCKS = YES;
				GCC_OPTIMIZATION_LEVEL = 0;
				GCC_PREPROCESSOR_DEFINITIONS = (
					"DEBUG=1",
					"$(inherited)",
				);
				GCC_WARN_64_TO_32_BIT_CONVERSION = YES;
				GCC_WARN_ABOUT_RETURN_TYPE = YES_ERROR;
				GCC_WARN_UNDECLARED_SELECTOR = YES;
				GCC_WARN_UNINITIALIZED_AUTOS = YES_AGGRESSIVE;
				GCC_WARN_UNUSED_FUNCTION = YES;
				GCC_WARN_UNUSED_VARIABLE = YES;
				IPHONEOS_DEPLOYMENT_TARGET = 10.0;
				MTL_ENABLE_DEBUG_INFO = YES;
				ONLY_ACTIVE_ARCH = YES;
				SDKROOT = iphoneos;
				SWIFT_ACTIVE_COMPILATION_CONDITIONS = DEBUG;
				SWIFT_OPTIMIZATION_LEVEL = "-Onone";
			};
			name = Debug;
		};
		C87705711D19B6920010FC11 /* Release */ = {
			isa = XCBuildConfiguration;
			buildSettings = {
				ALWAYS_SEARCH_USER_PATHS = NO;
				CLANG_ANALYZER_NONNULL = YES;
				CLANG_CXX_LANGUAGE_STANDARD = "gnu++0x";
				CLANG_CXX_LIBRARY = "libc++";
				CLANG_ENABLE_MODULES = YES;
				CLANG_ENABLE_OBJC_ARC = YES;
				CLANG_WARN_BLOCK_CAPTURE_AUTORELEASING = YES;
				CLANG_WARN_BOOL_CONVERSION = YES;
				CLANG_WARN_COMMA = YES;
				CLANG_WARN_CONSTANT_CONVERSION = YES;
				CLANG_WARN_DIRECT_OBJC_ISA_USAGE = YES_ERROR;
				CLANG_WARN_DOCUMENTATION_COMMENTS = YES;
				CLANG_WARN_EMPTY_BODY = YES;
				CLANG_WARN_ENUM_CONVERSION = YES;
				CLANG_WARN_INFINITE_RECURSION = YES;
				CLANG_WARN_INT_CONVERSION = YES;
				CLANG_WARN_NON_LITERAL_NULL_CONVERSION = YES;
				CLANG_WARN_OBJC_LITERAL_CONVERSION = YES;
				CLANG_WARN_OBJC_ROOT_CLASS = YES_ERROR;
				CLANG_WARN_RANGE_LOOP_ANALYSIS = YES;
				CLANG_WARN_STRICT_PROTOTYPES = YES;
				CLANG_WARN_SUSPICIOUS_MOVE = YES;
				CLANG_WARN_UNREACHABLE_CODE = YES;
				CLANG_WARN__DUPLICATE_METHOD_MATCH = YES;
				"CODE_SIGN_IDENTITY[sdk=iphoneos*]" = "iPhone Developer";
				COPY_PHASE_STRIP = NO;
				DEBUG_INFORMATION_FORMAT = "dwarf-with-dsym";
				ENABLE_NS_ASSERTIONS = NO;
				ENABLE_STRICT_OBJC_MSGSEND = YES;
				GCC_C_LANGUAGE_STANDARD = gnu99;
				GCC_NO_COMMON_BLOCKS = YES;
				GCC_WARN_64_TO_32_BIT_CONVERSION = YES;
				GCC_WARN_ABOUT_RETURN_TYPE = YES_ERROR;
				GCC_WARN_UNDECLARED_SELECTOR = YES;
				GCC_WARN_UNINITIALIZED_AUTOS = YES_AGGRESSIVE;
				GCC_WARN_UNUSED_FUNCTION = YES;
				GCC_WARN_UNUSED_VARIABLE = YES;
				IPHONEOS_DEPLOYMENT_TARGET = 10.0;
				MTL_ENABLE_DEBUG_INFO = NO;
				SDKROOT = iphoneos;
				SWIFT_OPTIMIZATION_LEVEL = "-Owholemodule";
				VALIDATE_PRODUCT = YES;
			};
			name = Release;
		};
		C87705731D19B6920010FC11 /* Debug */ = {
			isa = XCBuildConfiguration;
			buildSettings = {
				ASSETCATALOG_COMPILER_APPICON_NAME = AppIcon;
				INFOPLIST_FILE = "Downloading Images From The Web/Info.plist";
				LD_RUNPATH_SEARCH_PATHS = "$(inherited) @executable_path/Frameworks";
				PRODUCT_BUNDLE_IDENTIFIER = "com.appfish.Downloading-Images-From-The-Web";
				PRODUCT_NAME = "$(TARGET_NAME)";
				SWIFT_SWIFT3_OBJC_INFERENCE = Off;
				SWIFT_VERSION = 4.0;
			};
			name = Debug;
		};
		C87705741D19B6920010FC11 /* Release */ = {
			isa = XCBuildConfiguration;
			buildSettings = {
				ASSETCATALOG_COMPILER_APPICON_NAME = AppIcon;
				INFOPLIST_FILE = "Downloading Images From The Web/Info.plist";
				LD_RUNPATH_SEARCH_PATHS = "$(inherited) @executable_path/Frameworks";
				PRODUCT_BUNDLE_IDENTIFIER = "com.appfish.Downloading-Images-From-The-Web";
				PRODUCT_NAME = "$(TARGET_NAME)";
				SWIFT_SWIFT3_OBJC_INFERENCE = Off;
				SWIFT_VERSION = 4.0;
			};
			name = Release;
		};
/* End XCBuildConfiguration section */

/* Begin XCConfigurationList section */
		C877055B1D19B6920010FC11 /* Build configuration list for PBXProject "Downloading Images From The Web" */ = {
			isa = XCConfigurationList;
			buildConfigurations = (
				C87705701D19B6920010FC11 /* Debug */,
				C87705711D19B6920010FC11 /* Release */,
			);
			defaultConfigurationIsVisible = 0;
			defaultConfigurationName = Release;
		};
		C87705721D19B6920010FC11 /* Build configuration list for PBXNativeTarget "Downloading Images From The Web" */ = {
			isa = XCConfigurationList;
			buildConfigurations = (
				C87705731D19B6920010FC11 /* Debug */,
				C87705741D19B6920010FC11 /* Release */,
			);
			defaultConfigurationIsVisible = 0;
			defaultConfigurationName = Release;
		};
/* End XCConfigurationList section */
	};
	rootObject = C87705581D19B6910010FC11 /* Project object */;
}
